
Microsoft Visual Studio Solution File, Format Version 12.00
# Visual Studio Version 17
VisualStudioVersion = 17.11.35219.272
MinimumVisualStudioVersion = 10.0.40219.1
Project("{FAE04EC0-301F-11D3-BF4B-00C04F79EFBC}") = "Temperature Converter", "Temperature Converter\Temperature Converter.csproj", "{6AF9092D-BA92-462D-98C1-DE448AC96BA4}"
EndProject
Global
	GlobalSection(SolutionConfigurationPlatforms) = preSolution
		Debug|Any CPU = Debug|Any CPU
		Release|Any CPU = Release|Any CPU
	EndGlobalSection
	GlobalSection(ProjectConfigurationPlatforms) = postSolution
		{6AF9092D-BA92-462D-98C1-DE448AC96BA4}.Debug|Any CPU.ActiveCfg = Debug|Any CPU
		{6AF9092D-BA92-462D-98C1-DE448AC96BA4}.Debug|Any CPU.Build.0 = Debug|Any CPU
		{6AF9092D-BA92-462D-98C1-DE448AC96BA4}.Release|Any CPU.ActiveCfg = Release|Any CPU
		{6AF9092D-BA92-462D-98C1-DE448AC96BA4}.Release|Any CPU.Build.0 = Release|Any CPU
	EndGlobalSection
	GlobalSection(SolutionProperties) = preSolution
		HideSolutionNode = FALSE
	EndGlobalSection
	GlobalSection(ExtensibilityGlobals) = postSolution
		SolutionGuid = {0021FACE-EAD9-4071-96AA-98D7D43FE686}
	EndGlobalSection
EndGlobal
